github.com/PuerkitoBio/purell v1.1.0 h1:rmGxhojJlM0tuKtfdvliR84CFHljx9ag64t2xmVkjK4=
github.com/PuerkitoBio/purell v1.1.0/go.mod h1:c11w/QuzBsJSee3cPx9rAFu61PvFxuPbtSwDGJws/X0=
github.com/PuerkitoBio/urlesc v0.0.0-20160726150825-5bd2802263f2 h1:JCHLVE3B+kJde7bIEo5N4J+ZbLhp0J1Fs+ulyRws4gE=
github.com/PuerkitoBio/urlesc v0.0.0-20160726150825-5bd2802263f2/go.mod h1:uGdkoq3SwY9Y+13GIhn11/XLaGBb4BfwItxLd5jeuXE=
github.com/blang/semver v3.0.1+incompatible h1:HSK4fJAkncdAqOFSWJBP6JslojPJ4G0Jn1uKwxzWJ1o=
github.com/blang/semver v3.0.1+incompatible/go.mod h1:kRBLl5iJ+tD4TcOOxsy/0fnwebNt5EWlYSAyrTnjyyk=
github.com/coreos/go-oidc v0.0.0-20160926043916-16c5ecc505f1 h1:fvShpp+0YERQG9Jg+q3Z3ZarEoRBNbUgp7vSzOkIW74=
github.com/coreos/go-oidc v0.0.0-20160926043916-16c5ecc505f1/go.mod h1:CgnwVTmzoESiwO9qyAFEMiHoZ1nMCKZlZ9V6mm3/LKc=
github.com/coreos/pkg v0.0.0-20161026222926-447b7ec906e5 h1:aqoxNZ9nyZ9kabG+daqglH9RtWIbpxDjVQMoUsoVHuo=
github.com/coreos/pkg v0.0.0-20161026222926-447b7ec906e5/go.mod h1:E3G3o1h8I7cfcXa63jLwjI0eiQQMgzzUDFVpN/nH/eA=
github.com/davecgh/go-spew v1.1.0 h1:ZDRjVQ15GmhC3fiQ8ni8+OwkZQO4DARzQgrnXU1Liz8=
github.com/davecgh/go-spew v1.1.0/go.mod h1:J7Y8YcW2NihsgmVo/mv3lAwl/skON4iLHjSsI+c5H38=
github.com/docker/distribution v2.7.1+incompatible h1:a5mlkVzth6W5A4fOsS3D2EO5BUmsJpcB+cRlLU7cSug=
github.com/docker/distribution v2.7.1+incompatible/go.mod h1:J2gT2udsDAN96Uj4KfcMRqY0/ypR+oyYUYmja8H+y+w=
github.com/emicklei/go-restful v0.0.0-20160509190233-7c47e2558a0b h1:r9Q4W7V+9+gsWs5sY6RgwNgk1K95h5jzw28XiItTWf8=
github.com/emicklei/go-restful v0.0.0-20160509190233-7c47e2558a0b/go.mod h1:otzb+WCGbkyDHkqmQmT5YD2WR4BBwUdeQoFo8l/7tVs=
github.com/ghodss/yaml v0.0.0-20150909031657-73d445a93680 h1:ZktWZesgun21uEDrwW7iEV1zPCGQldM2atlJZ3TdvVM=
github.com/ghodss/yaml v0.0.0-20150909031657-73d445a93680/go.mod h1:4dBDuWmgqj2HViK6kFavaiC9ZROes6MMH2rRYeMEF04=
github.com/go-openapi/jsonpointer v0.0.0-20161105161541-8d96a2dc6153 h1:YIdaG1+f1HOmLcA/TSjmBpaEnIdNQ8QJf8oN4yi97Gw=
github.com/go-openapi/jsonpointer v0.0.0-20161105161541-8d96a2dc6153/go.mod h1:+35s3my2LFTysnkMfxsJBAMHj/DoqoB9knIWoYG/Vk0=
github.com/go-openapi/jsonreference v0.0.0-20161105162150-36d33bfe519e h1:gbNUNGpVJLxaXBxI7iCHZdg3PwgLOJ9lPQGVINRrC9E=
github.com/go-openapi/jsonreference v0.0.0-20161105162150-36d33bfe519e/go.mod h1:W3Z9FmVs9qj+KR4zFKmDPGiLdk1D9Rlm7cyMvf57TTg=
github.com/go-openapi/spec v0.0.0-20161119162701-f7ae86df5bc1 h1:lUOgB3oo2qBTU0ixQq4HV5bIMJAonlBwkHs5TGcFRAs=
github.com/go-openapi/spec v0.0.0-20161119162701-f7ae86df5bc1/go.mod h1:J8+jY1nAiCcj+friV/PDoE1/3eeccG9LYBs0tYvLOWc=
github.com/go-openapi/swag v0.0.0-20161024024919-3b6d86cd9658 h1:l0W3oncWhpymtpWwEkths5HXYOFJjgPXUQLLXNFQypI=
github.com/go-openapi/swag v0.0.0-20161024024919-3b6d86cd9658/go.mod h1:DXUve3Dpr1UfpPtxFw+EFuQ41HhCWZfha5jSVRG7C7I=
github.com/gogo/protobuf v0.0.0-20160825173902-966a6f4b3274 h1:OE3OdUZ5zoasqe9J3dkwwXZzjroOdTgn/MS99JgmouI=
github.com/gogo/protobuf v0.0.0-20160825173902-966a6f4b3274/go.mod h1:r8qH/GZQm5c6nD/R0oafs1akxWv10x8SbQlK7atdtwQ=
github.com/golang/glog v0.0.0-20141105023935-44145f04b68c h1:CbdkBQ1/PiAo0FYJhQGwASD8wrgNvTdf01g6+O9tNuA=
github.com/golang/glog v0.0.0-20141105023935-44145f04b68c/go.mod h1:SBH7ygxi8pfUlaOkMMuAQtPIUF8ecWP5IEl/CR7VP2Q=
github.com/golang/protobuf v0.0.0-20160203230820-b982704f8bb7 h1:rZeVhHkNPzCCDNLr2eGTqph0njsIaj0lSLiuSnMdtrE=
github.com/golang/protobuf v0.0.0-20160203230820-b982704f8bb7/go.mod h1:6lQm79b+lXiMfvg/cZm0SGofjICqVBUtrP5yJMmIC1U=
github.com/google/gofuzz v0.0.0-20150304233714-bbcb9da2d746 h1:M6d2zDTA4cKXT6OwFsJxlo5tWrAukj3KfvJ1zcBatnA=
github.com/google/gofuzz v0.0.0-20150304233714-bbcb9da2d746/go.mod h1:HP5RmnzzSNb993RKQDq4+1A4ia9nllfqcQFTQJedwGI=
github.com/gorilla/handlers v0.0.0-20150720190736-60c7bfde3e33 h1:893HsJqtxp9z1SF76gg6hY70hRY1wVlTSnC/h1yUDCo=
github.com/gorilla/handlers v0.0.0-20150720190736-60c7bfde3e33/go.mod h1:Qkdc/uu4tH4g6mTK6auzZ766c4CA0Ng8+o/OAirnOIQ=
github.com/jonboulle/clockwork v0.0.0-20160907122059-bcac9884e750 h1:ysDggIU+1XiT58oKSl5C9d+hxeOW7kqeI2n6eZymuMs=
github.com/jonboulle/clockwork v0.0.0-20160907122059-bcac9884e750/go.mod h1:Ii8DK3G1RaLaWxj9trq07+26W01tbo22gdxWY5EU2bo=
github.com/juju/ratelimit v0.0.0-20151125201925-77ed1c8a0121 h1:tK7/W+/VbVcqFcQzl3qMnrc/z3h/XOBIrJ9e/cv5hx4=
github.com/juju/ratelimit v0.0.0-20151125201925-77ed1c8a0121/go.mod h1:qapgC/Gy+xNh9UxzV13HGGl/6UXNN+ct+vwSgWNm/qk=
github.com/julienschmidt/httprouter v0.0.0-20150708215400-6aacfd5ab513 h1:yamBJI2MHHq8Ipx5KqOeRxWvVjC4jnOiRlecQmMSyoA=
github.com/julienschmidt/httprouter v0.0.0-20150708215400-6aacfd5ab513/go.mod h1:SYymIcj16QtmaHHD7aYtjjsJG7VTCxuUUipMqKk8s4w=
github.com/kr/pretty v0.1.0 h1:L/CwN0zerZDmRFUapSPitk6f+Q3+0za1rQkzVuMiMFI=
github.com/kr/pretty v0.1.0/go.mod h1:dAy3ld7l9f0ibDNOQOHHMYYIIbhfbHSm3C4ZsoJORNo=
github.com/kr/pty v1.1.1/go.mod h1:pFQYn66WHrOpPYNljwOMqo10TkYh1fy3cYio2l3bCsQ=
github.com/kr/text v0.1.0 h1:45sCR5RtlFHMR4UwH9sdQ5TC8v0qDQCHnXt+kaKSTVE=
github.com/kr/text v0.1.0/go.mod h1:4Jbv+DJW3UT/LiOwJeYQe1efqtUx/iVham/4vfdArNI=
github.com/kylelemons/godebug v0.0.0-20160406211939-eadb3ce320cb h1:iiMILPl9HQFqdFXIuwfYT73NYtH0KApnCmyF7y5wYhs=
github.com/kylelemons/godebug v0.0.0-20160406211939-eadb3ce320cb/go.mod h1:B69LEHPfb2qLo0BaaOLcbitczOKLWTsrBG9LczfCD4k=
github.com/mailru/easyjson v0.0.0-20161206213315-304d3dc6fae8 h1:TofctNeQW0EIPmsalvVteOkT9Y3bRgcOZ9HegrtQGhk=
github.com/mailru/easyjson v0.0.0-20161206213315-304d3dc6fae8/go.mod h1:C1wdFJiN94OJF2b5HbByQZoLdCWB1Yqtg26g4irojpc=
github.com/opencontainers/go-digest v1.0.0-rc1 h1:WzifXhOVOEOuFYOJAW6aQqW0TooG2iki3E3Ii+WN7gQ=
github.com/opencontainers/go-digest v1.0.0-rc1/go.mod h1:cMLVZDEM3+U2I4VmLI6N8jQYUd2OVphdqWwCJHrFt2s=
github.com/pborman/uuid v0.0.0-20150603214016-ca53cad383ca h1:dKRMHfduZ/ZqOHuYGk/0kkTIUbnyorkAfzLOp6Ts8pU=
github.com/pborman/uuid v0.0.0-20150603214016-ca53cad383ca/go.mod h1:VyrYX9gd7irzKovcSS6BIIEwPRkP2Wm2m9ufcdFSJ34=
github.com/pmezard/go-difflib v1.0.0 h1:4DBwDE0NGyQoBHbLQYPwSUPoCMWR5BEzIk/f1lZbAQM=
github.com/pmezard/go-difflib v1.0.0/go.mod h1:iKH77koFhYxTK1pcRnkKkqfTogsbg7gZNVY4sRDYZ/4=
github.com/spf13/pflag v0.0.0-20151013200643-08b1a584251b h1:BnumbFpjTS6VXEbk2Xwk7CTt0HjRyX1rKAzaKTENl6A=
github.com/spf13/pflag v0.0.0-20151013200643-08b1a584251b/go.mod h1:DYY7MBk1bdzusC3SYhjObp+wFpr4gzcvqqNjLnInEg4=
github.com/stretchr/objx v0.1.0/go.mod h1:HFkY916IF+rwdDfMAkV7OtwuqBVzrE8GR6GFx+wExME=
github.com/stretchr/testify v1.4.0 h1:2E4SXV/wtOkTonXsotYi4li6zVWxYlZuYNCXe9XRJyk=
github.com/stretchr/testify v1.4.0/go.mod h1:j7eGeouHqKxXV5pUuKE4zz7dFj8WfuZ+81PSLYec5m4=
github.com/thockin/glogr v0.0.0-20160825042232-7a7f3ced4f9f h1:UQ/VqTtxN8EoIShWVbNR9b0/vyxKLwhV6ZGcIjZ5KB4=
github.com/thockin/glogr v0.0.0-20160825042232-7a7f3ced4f9f/go.mod h1:HRvPbLXOCiSU8hpsTlLSX4Fw6l+yF2uziElIkThrlsI=
github.com/thockin/logr v0.0.0-20160829064457-2ca97858d8cd h1:zR4QMY552zTDiIv4gGzjDoRXYICUejRiPiDcoRRRu/4=
github.com/thockin/logr v0.0.0-20160829064457-2ca97858d8cd/go.mod h1:GEqn6NzwaoUO+OS+z1oR6Ka9NXmRDe3NUF5KZUAoT+I=
github.com/ugorji/go v0.0.0-20160211161415-f4485b318aad h1:wX4pnxjugZqNJRjP8uBMi8O9I81j2J0XQr66BYV5MEQ=
github.com/ugorji/go v0.0.0-20160211161415-f4485b318aad/go.mod h1:hnLbHMwcvSihnDhEfx2/BzKp2xb0Y+ErdfYcrs9tkJQ=
golang.org/x/net v0.0.0-20160826235738-6250b4127982 h1:ovQ1AutJRN5Z9h6qirof5A0+p3nYUYr61mkoytd27rE=
golang.org/x/net v0.0.0-20160826235738-6250b4127982/go.mod h1:mL1N/T3taQHkDXs73rZJwtUhF3w3ftmwwsq0BUmARs4=
golang.org/x/oauth2 v0.0.0-20150527205432-b5adcc2dcdf0 h1:WEdyg7xtHddMVGH7OgsnHsb00YDb0M8Fw3i4FcAJRl0=
golang.org/x/oauth2 v0.0.0-20150527205432-b5adcc2dcdf0/go.mod h1:N/0e6XlmueqKjAGxoOufVs8QHGRruUQn6yWY3a++T0U=
golang.org/x/text v0.0.0-20170209082644-06d6eba81293 h1:ecxBlALqxx8MoFO+FxfMnWLSS0/zU4AtFrcReJjxGU0=
golang.org/x/text v0.0.0-20170209082644-06d6eba81293/go.mod h1:NqM8EUOU14njkJ3fqMW+pc6Ldnwhi/IjpwHt7yyuwOQ=
google.golang.org/api v0.0.0-20160512212520-4300f6b0c8a7 h1:/a4v6TfPMhTKHbsk36KRNKnDvarw+CK9dlplIEj/oyQ=
google.golang.org/api v0.0.0-20160512212520-4300f6b0c8a7/go.mod h1:4mhQ8q/RsB7i+udVvVy5NUi08OU8ZlA0gRVgrF7VFY0=
google.golang.org/appengine v0.0.0-20161115221414-ca59ef35f409 h1:Aq3i3UL2OyILfXg17LYdktUENvU3YZ98uckDA0O2K5s=
google.golang.org/appengine v0.0.0-20161115221414-ca59ef35f409/go.mod h1:EbEs0AVv82hx2wNQdGPgUI5lhzA/G0D9YwlJXL52JkM=
google.golang.org/cloud v0.0.0-20160324202040-eb47ba841d53 h1:M0RlP4gJyvKsuSHcBM4g99Dy3I60HTSX5hffdn3oLHk=
google.golang.org/cloud v0.0.0-20160324202040-eb47ba841d53/go.mod h1:0H1ncTHf11KCFhTc/+EFRbzSCOZx+VUbRMk55Yv5MYk=
gopkg.in/check.v1 v0.0.0-20161208181325-20d25e280405/go.mod h1:Co6ibVJAznAaIkqp8huTwlJQCZ016jof/cbN4VW5Yz0=
gopkg.in/check.v1 v1.0.0-20190902080502-41f04d3bba15 h1:YR8cESwS4TdDjEe65xsg0ogRM/Nc3DYOhEAlW+xobZo=
gopkg.in/check.v1 v1.0.0-20190902080502-41f04d3bba15/go.mod h1:Co6ibVJAznAaIkqp8huTwlJQCZ016jof/cbN4VW5Yz0=
gopkg.in/inf.v0 v0.9.0 h1:3zYtXIO92bvsdS3ggAdA8Gb4Azj0YU+TVY1uGYNFA8o=
gopkg.in/inf.v0 v0.9.0/go.mod h1:cWUDdTG/fYaXco+Dcufb5Vnc6Gp2YChqWtbxRZE0mXw=
gopkg.in/yaml.v2 v2.2.2 h1:ZCJp+EgiOT7lHqUV2J862kp8Qj64Jo6az82+3Td9dZw=
gopkg.in/yaml.v2 v2.2.2/go.mod h1:hI93XBmqTisBFMUTm0b8Fm+jr3Dg1NNxqwp+5A1VGuI=
k8s.io/client-go v1.5.1 h1:XaX/lo2/u3/pmFau8HN+sB5C/b4dc4Dmm2eXjBH4p1E=
k8s.io/client-go v1.5.1/go.mod h1:7vJpHMYJwNQCWgzmNV+VYUl1zCObLyodBc8nIyt8L5s=
